
Microsoft Visual Studio Solution File, Format Version 12.00
# Visual Studio 14
VisualStudioVersion = 14.0.25420.1
MinimumVisualStudioVersion = 10.0.40219.1
Project("{FAE04EC0-301F-11D3-BF4B-00C04F79EFBC}") = "HomeCinema.Data", "HomeCinema.Data\HomeCinema.Data.csproj", "{AA81360D-91C7-4C19-BD6C-C87779139EBF}"
EndProject
Project("{FAE04EC0-301F-11D3-BF4B-00C04F79EFBC}") = "HomeCinema.Services", "HomeCinema.Services\HomeCinema.Services.csproj", "{09C266E5-BC86-4E33-AC83-61DEE30EC756}"
EndProject
Project("{FAE04EC0-301F-11D3-BF4B-00C04F79EFBC}") = "HomeCinema.Api", "HomeCinema.Api\HomeCinema.Api.csproj", "{58B6AC83-DC9A-4C7C-9FCB-D26B55F6A130}"
EndProject
Global
	GlobalSection(SolutionConfigurationPlatforms) = preSolution
		Debug|Any CPU = Debug|Any CPU
		Release|Any CPU = Release|Any CPU
	EndGlobalSection
	GlobalSection(ProjectConfigurationPlatforms) = postSolution
		{AA81360D-91C7-4C19-BD6C-C87779139EBF}.Debug|Any CPU.ActiveCfg = Debug|Any CPU
		{AA81360D-91C7-4C19-BD6C-C87779139EBF}.Debug|Any CPU.Build.0 = Debug|Any CPU
		{AA81360D-91C7-4C19-BD6C-C87779139EBF}.Release|Any CPU.ActiveCfg = Release|Any CPU
		{AA81360D-91C7-4C19-BD6C-C87779139EBF}.Release|Any CPU.Build.0 = Release|Any CPU
		{09C266E5-BC86-4E33-AC83-61DEE30EC756}.Debug|Any CPU.ActiveCfg = Debug|Any CPU
		{09C266E5-BC86-4E33-AC83-61DEE30EC756}.Debug|Any CPU.Build.0 = Debug|Any CPU
		{09C266E5-BC86-4E33-AC83-61DEE30EC756}.Release|Any CPU.ActiveCfg = Release|Any CPU
		{09C266E5-BC86-4E33-AC83-61DEE30EC756}.Release|Any CPU.Build.0 = Release|Any CPU
		{58B6AC83-DC9A-4C7C-9FCB-D26B55F6A130}.Debug|Any CPU.ActiveCfg = Debug|Any CPU
		{58B6AC83-DC9A-4C7C-9FCB-D26B55F6A130}.Debug|Any CPU.Build.0 = Debug|Any CPU
		{58B6AC83-DC9A-4C7C-9FCB-D26B55F6A130}.Release|Any CPU.ActiveCfg = Release|Any CPU
		{58B6AC83-DC9A-4C7C-9FCB-D26B55F6A130}.Release|Any CPU.Build.0 = Release|Any CPU
	EndGlobalSection
	GlobalSection(SolutionProperties) = preSolution
		HideSolutionNode = FALSE
	EndGlobalSection
EndGlobal
